
Microsoft Visual Studio Solution File, Format Version 12.00
# Visual Studio Version 17
VisualStudioVersion = 17.9.34616.47
MinimumVisualStudioVersion = 10.0.40219.1
Project("{8BC9CEB8-8B4A-11D0-8D11-00A0C91BC942}") = "member_list", "member_list\member_list.vcxproj", "{D15DF2E0-D05C-438F-AD3A-90AE10B0A99D}"
EndProject
Project("{8BC9CEB8-8B4A-11D0-8D11-00A0C91BC942}") = "MainA", "MainA\MainA.vcxproj", "{761737B8-A2CE-4D38-BEF5-D6501A6C13B2}"
EndProject
Project("{8BC9CEB8-8B4A-11D0-8D11-00A0C91BC942}") = "Asosiasi", "Asosiasi\Asosiasi.vcxproj", "{0A170EC1-95C1-4167-9D3A-D18C173CB78E}"
EndProject
Global
	GlobalSection(SolutionConfigurationPlatforms) = preSolution
		Debug|x64 = Debug|x64
		Debug|x86 = Debug|x86
		Release|x64 = Release|x64
		Release|x86 = Release|x86
	EndGlobalSection
	GlobalSection(ProjectConfigurationPlatforms) = postSolution
		{D15DF2E0-D05C-438F-AD3A-90AE10B0A99D}.Debug|x64.ActiveCfg = Debug|x64
		{D15DF2E0-D05C-438F-AD3A-90AE10B0A99D}.Debug|x64.Build.0 = Debug|x64
		{D15DF2E0-D05C-438F-AD3A-90AE10B0A99D}.Debug|x86.ActiveCfg = Debug|Win32
		{D15DF2E0-D05C-438F-AD3A-90AE10B0A99D}.Debug|x86.Build.0 = Debug|Win32
		{D15DF2E0-D05C-438F-AD3A-90AE10B0A99D}.Release|x64.ActiveCfg = Release|x64
		{D15DF2E0-D05C-438F-AD3A-90AE10B0A99D}.Release|x64.Build.0 = Release|x64
		{D15DF2E0-D05C-438F-AD3A-90AE10B0A99D}.Release|x86.ActiveCfg = Release|Win32
		{D15DF2E0-D05C-438F-AD3A-90AE10B0A99D}.Release|x86.Build.0 = Release|Win32
		{761737B8-A2CE-4D38-BEF5-D6501A6C13B2}.Debug|x64.ActiveCfg = Debug|x64
		{761737B8-A2CE-4D38-BEF5-D6501A6C13B2}.Debug|x64.Build.0 = Debug|x64
		{761737B8-A2CE-4D38-BEF5-D6501A6C13B2}.Debug|x86.ActiveCfg = Debug|Win32
		{761737B8-A2CE-4D38-BEF5-D6501A6C13B2}.Debug|x86.Build.0 = Debug|Win32
		{761737B8-A2CE-4D38-BEF5-D6501A6C13B2}.Release|x64.ActiveCfg = Release|x64
		{761737B8-A2CE-4D38-BEF5-D6501A6C13B2}.Release|x64.Build.0 = Release|x64
		{761737B8-A2CE-4D38-BEF5-D6501A6C13B2}.Release|x86.ActiveCfg = Release|Win32
		{761737B8-A2CE-4D38-BEF5-D6501A6C13B2}.Release|x86.Build.0 = Release|Win32
		{0A170EC1-95C1-4167-9D3A-D18C173CB78E}.Debug|x64.ActiveCfg = Debug|x64
		{0A170EC1-95C1-4167-9D3A-D18C173CB78E}.Debug|x64.Build.0 = Debug|x64
		{0A170EC1-95C1-4167-9D3A-D18C173CB78E}.Debug|x86.ActiveCfg = Debug|Win32
		{0A170EC1-95C1-4167-9D3A-D18C173CB78E}.Debug|x86.Build.0 = Debug|Win32
		{0A170EC1-95C1-4167-9D3A-D18C173CB78E}.Release|x64.ActiveCfg = Release|x64
		{0A170EC1-95C1-4167-9D3A-D18C173CB78E}.Release|x64.Build.0 = Release|x64
		{0A170EC1-95C1-4167-9D3A-D18C173CB78E}.Release|x86.ActiveCfg = Release|Win32
		{0A170EC1-95C1-4167-9D3A-D18C173CB78E}.Release|x86.Build.0 = Release|Win32
	EndGlobalSection
	GlobalSection(SolutionProperties) = preSolution
		HideSolutionNode = FALSE
	EndGlobalSection
	GlobalSection(ExtensibilityGlobals) = postSolution
		SolutionGuid = {D6B31CEF-F479-485F-AA71-EA8DEF62E48E}
	EndGlobalSection
EndGlobal
